
Microsoft Visual Studio Solution File, Format Version 12.00
# Visual Studio Version 17
VisualStudioVersion = 17.3.32929.385
MinimumVisualStudioVersion = 10.0.40219.1
Project("{FAE04EC0-301F-11D3-BF4B-00C04F79EFBC}") = "ApiControleDespesas", "ApiControleDespesas\ApiControleDespesas.csproj", "{E9E7BC60-F183-4020-9136-958E620EF01E}"
EndProject
Global
	GlobalSection(SolutionConfigurationPlatforms) = preSolution
		Debug|Any CPU = Debug|Any CPU
		Release|Any CPU = Release|Any CPU
	EndGlobalSection
	GlobalSection(ProjectConfigurationPlatforms) = postSolution
		{E9E7BC60-F183-4020-9136-958E620EF01E}.Debug|Any CPU.ActiveCfg = Debug|Any CPU
		{E9E7BC60-F183-4020-9136-958E620EF01E}.Debug|Any CPU.Build.0 = Debug|Any CPU
		{E9E7BC60-F183-4020-9136-958E620EF01E}.Release|Any CPU.ActiveCfg = Release|Any CPU
		{E9E7BC60-F183-4020-9136-958E620EF01E}.Release|Any CPU.Build.0 = Release|Any CPU
	EndGlobalSection
	GlobalSection(SolutionProperties) = preSolution
		HideSolutionNode = FALSE
	EndGlobalSection
	GlobalSection(ExtensibilityGlobals) = postSolution
		SolutionGuid = {24FE99BE-216A-4E5D-B0C7-C7923BAE27EE}
	EndGlobalSection
EndGlobal
